
Microsoft Visual Studio Solution File, Format Version 12.00
# Visual Studio Version 17
VisualStudioVersion = 17.9.34728.123
MinimumVisualStudioVersion = 10.0.40219.1
Project("{2150E333-8FDC-42A3-9474-1A3956D46DE8}") = "Src", "Src", "{4D5BCE73-ED45-44C9-AC56-38F4832318FB}"
EndProject
Project("{2150E333-8FDC-42A3-9474-1A3956D46DE8}") = "Test", "Test", "{5B7F7E29-F721-4A1E-986B-FB165B28E1BD}"
EndProject
Project("{2150E333-8FDC-42A3-9474-1A3956D46DE8}") = "Server", "Server", "{0E4DADDD-AE13-4E1D-85D6-85576EB141B2}"
EndProject
Project("{2150E333-8FDC-42A3-9474-1A3956D46DE8}") = "Domain", "Domain", "{8E8F6505-4CDD-40D0-A3B9-218DE6A00CD8}"
EndProject
Project("{2150E333-8FDC-42A3-9474-1A3956D46DE8}") = "Infrastructure", "Infrastructure", "{09B50B84-45D6-4CBD-B031-8A6B0ABB7ED2}"
EndProject
Project("{2150E333-8FDC-42A3-9474-1A3956D46DE8}") = "Application", "Application", "{A8B105E7-C8DE-4E14-B80A-0627728FC358}"
EndProject
Project("{9A19103F-16F7-4668-BE54-9A1E7A4F7556}") = "Todo.Server.Api", "Src\Server\Todo.Server.Api\Todo.Server.Api.csproj", "{C9A67E73-58E2-4268-88B1-A64D47E3AF4C}"
EndProject
Project("{9A19103F-16F7-4668-BE54-9A1E7A4F7556}") = "Todo.Infrastructure", "Src\Infrastructure\Todo.Infrastructure\Todo.Infrastructure.csproj", "{64BC47BD-9406-49F2-9177-F0A04D3A983B}"
EndProject
Project("{9A19103F-16F7-4668-BE54-9A1E7A4F7556}") = "Todo.Domain", "Src\Domain\Todo.Domain\Todo.Domain.csproj", "{8D62BF7E-435C-45FA-BB40-C42A71ABB19A}"
EndProject
Project("{9A19103F-16F7-4668-BE54-9A1E7A4F7556}") = "Todo.Application", "Src\Application\Todo.Application\Todo.Application.csproj", "{D666C0ED-9943-4EEC-9574-0FB778AE801A}"
EndProject
Project("{2150E333-8FDC-42A3-9474-1A3956D46DE8}") = "Solution Items", "Solution Items", "{F2482936-CCA1-47D2-B0B0-C8FF971DFB5A}"
	ProjectSection(SolutionItems) = preProject
		Directory.Build.props = Directory.Build.props
		Directory.Pakcages.props = Directory.Pakcages.props
	EndProjectSection
EndProject
Global
	GlobalSection(SolutionConfigurationPlatforms) = preSolution
		Debug|Any CPU = Debug|Any CPU
		Release|Any CPU = Release|Any CPU
	EndGlobalSection
	GlobalSection(ProjectConfigurationPlatforms) = postSolution
		{C9A67E73-58E2-4268-88B1-A64D47E3AF4C}.Debug|Any CPU.ActiveCfg = Debug|Any CPU
		{C9A67E73-58E2-4268-88B1-A64D47E3AF4C}.Debug|Any CPU.Build.0 = Debug|Any CPU
		{C9A67E73-58E2-4268-88B1-A64D47E3AF4C}.Release|Any CPU.ActiveCfg = Release|Any CPU
		{C9A67E73-58E2-4268-88B1-A64D47E3AF4C}.Release|Any CPU.Build.0 = Release|Any CPU
		{64BC47BD-9406-49F2-9177-F0A04D3A983B}.Debug|Any CPU.ActiveCfg = Debug|Any CPU
		{64BC47BD-9406-49F2-9177-F0A04D3A983B}.Debug|Any CPU.Build.0 = Debug|Any CPU
		{64BC47BD-9406-49F2-9177-F0A04D3A983B}.Release|Any CPU.ActiveCfg = Release|Any CPU
		{64BC47BD-9406-49F2-9177-F0A04D3A983B}.Release|Any CPU.Build.0 = Release|Any CPU
		{8D62BF7E-435C-45FA-BB40-C42A71ABB19A}.Debug|Any CPU.ActiveCfg = Debug|Any CPU
		{8D62BF7E-435C-45FA-BB40-C42A71ABB19A}.Debug|Any CPU.Build.0 = Debug|Any CPU
		{8D62BF7E-435C-45FA-BB40-C42A71ABB19A}.Release|Any CPU.ActiveCfg = Release|Any CPU
		{8D62BF7E-435C-45FA-BB40-C42A71ABB19A}.Release|Any CPU.Build.0 = Release|Any CPU
		{D666C0ED-9943-4EEC-9574-0FB778AE801A}.Debug|Any CPU.ActiveCfg = Debug|Any CPU
		{D666C0ED-9943-4EEC-9574-0FB778AE801A}.Debug|Any CPU.Build.0 = Debug|Any CPU
		{D666C0ED-9943-4EEC-9574-0FB778AE801A}.Release|Any CPU.ActiveCfg = Release|Any CPU
		{D666C0ED-9943-4EEC-9574-0FB778AE801A}.Release|Any CPU.Build.0 = Release|Any CPU
	EndGlobalSection
	GlobalSection(SolutionProperties) = preSolution
		HideSolutionNode = FALSE
	EndGlobalSection
	GlobalSection(NestedProjects) = preSolution
		{0E4DADDD-AE13-4E1D-85D6-85576EB141B2} = {4D5BCE73-ED45-44C9-AC56-38F4832318FB}
		{8E8F6505-4CDD-40D0-A3B9-218DE6A00CD8} = {4D5BCE73-ED45-44C9-AC56-38F4832318FB}
		{09B50B84-45D6-4CBD-B031-8A6B0ABB7ED2} = {4D5BCE73-ED45-44C9-AC56-38F4832318FB}
		{A8B105E7-C8DE-4E14-B80A-0627728FC358} = {4D5BCE73-ED45-44C9-AC56-38F4832318FB}
		{C9A67E73-58E2-4268-88B1-A64D47E3AF4C} = {0E4DADDD-AE13-4E1D-85D6-85576EB141B2}
		{64BC47BD-9406-49F2-9177-F0A04D3A983B} = {09B50B84-45D6-4CBD-B031-8A6B0ABB7ED2}
		{8D62BF7E-435C-45FA-BB40-C42A71ABB19A} = {8E8F6505-4CDD-40D0-A3B9-218DE6A00CD8}
		{D666C0ED-9943-4EEC-9574-0FB778AE801A} = {A8B105E7-C8DE-4E14-B80A-0627728FC358}
	EndGlobalSection
	GlobalSection(ExtensibilityGlobals) = postSolution
		SolutionGuid = {8C3F73E3-39C1-4C38-9230-A61EDA21CF50}
	EndGlobalSection
EndGlobal
